// !$*UTF8*$!
{
	archiveVersion = 1;
	classes = {
	};
	objectVersion = 46;
	objects = {

/* Begin PBXBuildFile section */
		D11E23981970C3A2008FF65A /* XMLGenerator.swift in Sources */ = {isa = PBXBuildFile; fileRef = D11E23971970C3A2008FF65A /* XMLGenerator.swift */; };
		D11E23B11970C8B9008FF65A /* XMLGeneratorTests.swift in Sources */ = {isa = PBXBuildFile; fileRef = D11E23B01970C8B9008FF65A /* XMLGeneratorTests.swift */; };
		D11E23B51970C922008FF65A /* XMLGenerator.swift in Sources */ = {isa = PBXBuildFile; fileRef = D11E23971970C3A2008FF65A /* XMLGenerator.swift */; };
		D1E6E1241970C321001FB384 /* main.swift in Sources */ = {isa = PBXBuildFile; fileRef = D1E6E1231970C321001FB384 /* main.swift */; };
/* End PBXBuildFile section */

/* Begin PBXCopyFilesBuildPhase section */
		D1E6E11E1970C321001FB384 /* CopyFiles */ = {
			isa = PBXCopyFilesBuildPhase;
			buildActionMask = 2147483647;
			dstPath = /usr/share/man/man1/;
			dstSubfolderSpec = 0;
			files = (
			);
			runOnlyForDeploymentPostprocessing = 1;
		};
/* End PBXCopyFilesBuildPhase section */

/* Begin PBXFileReference section */
		D11E23971970C3A2008FF65A /* XMLGenerator.swift */ = {isa = PBXFileReference; fileEncoding = 4; lastKnownFileType = sourcecode.swift; path = XMLGenerator.swift; sourceTree = "<group>"; };
		D11E23AC1970C8B9008FF65A /* XMLGeneratorTests.xctest */ = {isa = PBXFileReference; explicitFileType = wrapper.cfbundle; includeInIndex = 0; path = XMLGeneratorTests.xctest; sourceTree = BUILT_PRODUCTS_DIR; };
		D11E23AF1970C8B9008FF65A /* Info.plist */ = {isa = PBXFileReference; lastKnownFileType = text.plist.xml; path = Info.plist; sourceTree = "<group>"; };
		D11E23B01970C8B9008FF65A /* XMLGeneratorTests.swift */ = {isa = PBXFileReference; lastKnownFileType = sourcecode.swift; path = XMLGeneratorTests.swift; sourceTree = "<group>"; };
		D1E6E1201970C321001FB384 /* XMLGenerator */ = {isa = PBXFileReference; explicitFileType = "compiled.mach-o.executable"; includeInIndex = 0; path = XMLGenerator; sourceTree = BUILT_PRODUCTS_DIR; };
		D1E6E1231970C321001FB384 /* main.swift */ = {isa = PBXFileReference; lastKnownFileType = sourcecode.swift; path = main.swift; sourceTree = "<group>"; };
/* End PBXFileReference section */

/* Begin PBXFrameworksBuildPhase section */
		D11E23A91970C8B9008FF65A /* Frameworks */ = {
			isa = PBXFrameworksBuildPhase;
			buildActionMask = 2147483647;
			files = (
			);
			runOnlyForDeploymentPostprocessing = 0;
		};
		D1E6E11D1970C321001FB384 /* Frameworks */ = {
			isa = PBXFrameworksBuildPhase;
			buildActionMask = 2147483647;
			files = (
			);
			runOnlyForDeploymentPostprocessing = 0;
		};
/* End PBXFrameworksBuildPhase section */

/* Begin PBXGroup section */
		D11E23AD1970C8B9008FF65A /* XMLGeneratorTests */ = {
			isa = PBXGroup;
			children = (
				D11E23B01970C8B9008FF65A /* XMLGeneratorTests.swift */,
				D11E23AE1970C8B9008FF65A /* Supporting Files */,
			);
			path = XMLGeneratorTests;
			sourceTree = "<group>";
		};
		D11E23AE1970C8B9008FF65A /* Supporting Files */ = {
			isa = PBXGroup;
			children = (
				D11E23AF1970C8B9008FF65A /* Info.plist */,
			);
			name = "Supporting Files";
			sourceTree = "<group>";
		};
		D1E6E1171970C321001FB384 = {
			isa = PBXGroup;
			children = (
				D1E6E1221970C321001FB384 /* XMLGenerator */,
				D11E23AD1970C8B9008FF65A /* XMLGeneratorTests */,
				D1E6E1211970C321001FB384 /* Products */,
			);
			sourceTree = "<group>";
		};
		D1E6E1211970C321001FB384 /* Products */ = {
			isa = PBXGroup;
			children = (
				D1E6E1201970C321001FB384 /* XMLGenerator */,
				D11E23AC1970C8B9008FF65A /* XMLGeneratorTests.xctest */,
			);
			name = Products;
			sourceTree = "<group>";
		};
		D1E6E1221970C321001FB384 /* XMLGenerator */ = {
			isa = PBXGroup;
			children = (
				D1E6E1231970C321001FB384 /* main.swift */,
				D11E23971970C3A2008FF65A /* XMLGenerator.swift */,
			);
			path = XMLGenerator;
			sourceTree = "<group>";
		};
/* End PBXGroup section */

/* Begin PBXNativeTarget section */
		D11E23AB1970C8B9008FF65A /* XMLGeneratorTests */ = {
			isa = PBXNativeTarget;
			buildConfigurationList = D11E23B21970C8B9008FF65A /* Build configuration list for PBXNativeTarget "XMLGeneratorTests" */;
			buildPhases = (
				D11E23A81970C8B9008FF65A /* Sources */,
				D11E23A91970C8B9008FF65A /* Frameworks */,
				D11E23AA1970C8B9008FF65A /* Resources */,
			);
			buildRules = (
			);
			dependencies = (
			);
			name = XMLGeneratorTests;
			productName = XMLGeneratorTests;
			productReference = D11E23AC1970C8B9008FF65A /* XMLGeneratorTests.xctest */;
			productType = "com.apple.product-type.bundle.unit-test";
		};
		D1E6E11F1970C321001FB384 /* XMLGenerator */ = {
			isa = PBXNativeTarget;
			buildConfigurationList = D1E6E1271970C321001FB384 /* Build configuration list for PBXNativeTarget "XMLGenerator" */;
			buildPhases = (
				D1E6E11C1970C321001FB384 /* Sources */,
				D1E6E11D1970C321001FB384 /* Frameworks */,
				D1E6E11E1970C321001FB384 /* CopyFiles */,
			);
			buildRules = (
			);
			dependencies = (
			);
			name = XMLGenerator;
			productName = XMLGenerator;
			productReference = D1E6E1201970C321001FB384 /* XMLGenerator */;
			productType = "com.apple.product-type.tool";
		};
/* End PBXNativeTarget section */

/* Begin PBXProject section */
		D1E6E1181970C321001FB384 /* Project object */ = {
			isa = PBXProject;
			attributes = {
				LastUpgradeCheck = 0600;
				ORGANIZATIONNAME = yellokrow;
				TargetAttributes = {
					D11E23AB1970C8B9008FF65A = {
						CreatedOnToolsVersion = 6.0;
					};
					D1E6E11F1970C321001FB384 = {
						CreatedOnToolsVersion = 6.0;
					};
				};
			};
			buildConfigurationList = D1E6E11B1970C321001FB384 /* Build configuration list for PBXProject "XMLGenerator" */;
			compatibilityVersion = "Xcode 3.2";
			developmentRegion = English;
			hasScannedForEncodings = 0;
			knownRegions = (
				en,
			);
			mainGroup = D1E6E1171970C321001FB384;
			productRefGroup = D1E6E1211970C321001FB384 /* Products */;
			projectDirPath = "";
			projectRoot = "";
			targets = (
				D1E6E11F1970C321001FB384 /* XMLGenerator */,
				D11E23AB1970C8B9008FF65A /* XMLGeneratorTests */,
			);
		};
/* End PBXProject section */

/* Begin PBXResourcesBuildPhase section */
		D11E23AA1970C8B9008FF65A /* Resources */ = {
			isa = PBXResourcesBuildPhase;
			buildActionMask = 2147483647;
			files = (
			);
			runOnlyForDeploymentPostprocessing = 0;
		};
/* End PBXResourcesBuildPhase section */

/* Begin PBXSourcesBuildPhase section */
		D11E23A81970C8B9008FF65A /* Sources */ = {
			isa = PBXSourcesBuildPhase;
			buildActionMask = 2147483647;
			files = (
				D11E23B11970C8B9008FF65A /* XMLGeneratorTests.swift in Sources */,
				D11E23B51970C922008FF65A /* XMLGenerator.swift in Sources */,
			);
			runOnlyForDeploymentPostprocessing = 0;
		};
		D1E6E11C1970C321001FB384 /* Sources */ = {
			isa = PBXSourcesBuildPhase;
			buildActionMask = 2147483647;
			files = (
				D1E6E1241970C321001FB384 /* main.swift in Sources */,
				D11E23981970C3A2008FF65A /* XMLGenerator.swift in Sources */,
			);
			runOnlyForDeploymentPostprocessing = 0;
		};
/* End PBXSourcesBuildPhase section */

/* Begin XCBuildConfiguration section */
		D11E23B31970C8B9008FF65A /* Debug */ = {
			isa = XCBuildConfiguration;
			buildSettings = {
				COMBINE_HIDPI_IMAGES = YES;
				FRAMEWORK_SEARCH_PATHS = (
					"$(DEVELOPER_FRAMEWORKS_DIR)",
					"$(inherited)",
				);
				GCC_PREPROCESSOR_DEFINITIONS = (
					"DEBUG=1",
					"$(inherited)",
				);
				INFOPLIST_FILE = XMLGeneratorTests/Info.plist;
				LD_RUNPATH_SEARCH_PATHS = "$(inherited) @executable_path/../Frameworks @loader_path/../Frameworks";
				PRODUCT_NAME = "$(TARGET_NAME)";
			};
			name = Debug;
		};
		D11E23B41970C8B9008FF65A /* Release */ = {
			isa = XCBuildConfiguration;
			buildSettings = {
				COMBINE_HIDPI_IMAGES = YES;
				FRAMEWORK_SEARCH_PATHS = (
					"$(DEVELOPER_FRAMEWORKS_DIR)",
					"$(inherited)",
				);
				INFOPLIST_FILE = XMLGeneratorTests/Info.plist;
				LD_RUNPATH_SEARCH_PATHS = "$(inherited) @executable_path/../Frameworks @loader_path/../Frameworks";
				PRODUCT_NAME = "$(TARGET_NAME)";
			};
			name = Release;
		};
		D1E6E1251970C321001FB384 /* Debug */ = {
			isa = XCBuildConfiguration;
			buildSettings = {
				ALWAYS_SEARCH_USER_PATHS = NO;
				CLANG_CXX_LANGUAGE_STANDARD = "gnu++0x";
				CLANG_CXX_LIBRARY = "libc++";
				CLANG_ENABLE_MODULES = YES;
				CLANG_ENABLE_OBJC_ARC = YES;
				CLANG_WARN_BOOL_CONVERSION = YES;
				CLANG_WARN_CONSTANT_CONVERSION = YES;
				CLANG_WARN_DIRECT_OBJC_ISA_USAGE = YES_ERROR;
				CLANG_WARN_EMPTY_BODY = YES;
				CLANG_WARN_ENUM_CONVERSION = YES;
				CLANG_WARN_INT_CONVERSION = YES;
				CLANG_WARN_OBJC_ROOT_CLASS = YES_ERROR;
				CLANG_WARN_UNREACHABLE_CODE = YES;
				CLANG_WARN__DUPLICATE_METHOD_MATCH = YES;
				COPY_PHASE_STRIP = NO;
				ENABLE_STRICT_OBJC_MSGSEND = YES;
				GCC_C_LANGUAGE_STANDARD = gnu99;
				GCC_DYNAMIC_NO_PIC = NO;
				GCC_OPTIMIZATION_LEVEL = 0;
				GCC_PREPROCESSOR_DEFINITIONS = (
					"DEBUG=1",
					"$(inherited)",
				);
				GCC_SYMBOLS_PRIVATE_EXTERN = NO;
				GCC_WARN_64_TO_32_BIT_CONVERSION = YES;
				GCC_WARN_ABOUT_RETURN_TYPE = YES_ERROR;
				GCC_WARN_UNDECLARED_SELECTOR = YES;
				GCC_WARN_UNINITIALIZED_AUTOS = YES_AGGRESSIVE;
				GCC_WARN_UNUSED_FUNCTION = YES;
				GCC_WARN_UNUSED_VARIABLE = YES;
				MACOSX_DEPLOYMENT_TARGET = 10.10;
				MTL_ENABLE_DEBUG_INFO = YES;
				ONLY_ACTIVE_ARCH = YES;
				SDKROOT = macosx;
				SWIFT_OPTIMIZATION_LEVEL = "-Onone";
			};
			name = Debug;
		};
		D1E6E1261970C321001FB384 /* Release */ = {
			isa = XCBuildConfiguration;
			buildSettings = {
				ALWAYS_SEARCH_USER_PATHS = NO;
				CLANG_CXX_LANGUAGE_STANDARD = "gnu++0x";
				CLANG_CXX_LIBRARY = "libc++";
				CLANG_ENABLE_MODULES = YES;
				CLANG_ENABLE_OBJC_ARC = YES;
				CLANG_WARN_BOOL_CONVERSION = YES;
				CLANG_WARN_CONSTANT_CONVERSION = YES;
				CLANG_WARN_DIRECT_OBJC_ISA_USAGE = YES_ERROR;
				CLANG_WARN_EMPTY_BODY = YES;
				CLANG_WARN_ENUM_CONVERSION = YES;
				CLANG_WARN_INT_CONVERSION = YES;
				CLANG_WARN_OBJC_ROOT_CLASS = YES_ERROR;
				CLANG_WARN_UNREACHABLE_CODE = YES;
				CLANG_WARN__DUPLICATE_METHOD_MATCH = YES;
				COPY_PHASE_STRIP = YES;
				DEBUG_INFORMATION_FORMAT = "dwarf-with-dsym";
				ENABLE_NS_ASSERTIONS = NO;
				ENABLE_STRICT_OBJC_MSGSEND = YES;
				GCC_C_LANGUAGE_STANDARD = gnu99;
				GCC_WARN_64_TO_32_BIT_CONVERSION = YES;
				GCC_WARN_ABOUT_RETURN_TYPE = YES_ERROR;
				GCC_WARN_UNDECLARED_SELECTOR = YES;
				GCC_WARN_UNINITIALIZED_AUTOS = YES_AGGRESSIVE;
				GCC_WARN_UNUSED_FUNCTION = YES;
				GCC_WARN_UNUSED_VARIABLE = YES;
				MACOSX_DEPLOYMENT_TARGET = 10.10;
				MTL_ENABLE_DEBUG_INFO = NO;
				SDKROOT = macosx;
			};
			name = Release;
		};
		D1E6E1281970C321001FB384 /* Debug */ = {
			isa = XCBuildConfiguration;
			buildSettings = {
				PRODUCT_NAME = "$(TARGET_NAME)";
			};
			name = Debug;
		};
		D1E6E1291970C321001FB384 /* Release */ = {
			isa = XCBuildConfiguration;
			buildSettings = {
				PRODUCT_NAME = "$(TARGET_NAME)";
			};
			name = Release;
		};
/* End XCBuildConfiguration section */

/* Begin XCConfigurationList section */
		D11E23B21970C8B9008FF65A /* Build configuration list for PBXNativeTarget "XMLGeneratorTests" */ = {
			isa = XCConfigurationList;
			buildConfigurations = (
				D11E23B31970C8B9008FF65A /* Debug */,
				D11E23B41970C8B9008FF65A /* Release */,
			);
			defaultConfigurationIsVisible = 0;
		};
		D1E6E11B1970C321001FB384 /* Build configuration list for PBXProject "XMLGenerator" */ = {
			isa = XCConfigurationList;
			buildConfigurations = (
				D1E6E1251970C321001FB384 /* Debug */,
				D1E6E1261970C321001FB384 /* Release */,
			);
			defaultConfigurationIsVisible = 0;
			defaultConfigurationName = Release;
		};
		D1E6E1271970C321001FB384 /* Build configuration list for PBXNativeTarget "XMLGenerator" */ = {
			isa = XCConfigurationList;
			buildConfigurations = (
				D1E6E1281970C321001FB384 /* Debug */,
				D1E6E1291970C321001FB384 /* Release */,
			);
			defaultConfigurationIsVisible = 0;
			defaultConfigurationName = Release;
		};
/* End XCConfigurationList section */
	};
	rootObject = D1E6E1181970C321001FB384 /* Project object */;
}
